// !$*UTF8*$!
{
	archiveVersion = 1;
	classes = {
	};
	objectVersion = 56;
	objects = {

/* Begin PBXBuildFile section */
		44CC9D402B066BBA00B8350A /* AppDelegate.swift in Sources */ = {isa = PBXBuildFile; fileRef = 44CC9D3F2B066BBA00B8350A /* AppDelegate.swift */; };
		44CC9D422B066BBA00B8350A /* SceneDelegate.swift in Sources */ = {isa = PBXBuildFile; fileRef = 44CC9D412B066BBA00B8350A /* SceneDelegate.swift */; };
		44CC9D442B066BBA00B8350A /* ViewController.swift in Sources */ = {isa = PBXBuildFile; fileRef = 44CC9D432B066BBA00B8350A /* ViewController.swift */; };
		44CC9D472B066BBA00B8350A /* Main.storyboard in Resources */ = {isa = PBXBuildFile; fileRef = 44CC9D452B066BBA00B8350A /* Main.storyboard */; };
		44CC9D4A2B066BBA00B8350A /* Localization.xcdatamodeld in Sources */ = {isa = PBXBuildFile; fileRef = 44CC9D482B066BBA00B8350A /* Localization.xcdatamodeld */; };
		44CC9D4C2B066BBB00B8350A /* Assets.xcassets in Resources */ = {isa = PBXBuildFile; fileRef = 44CC9D4B2B066BBB00B8350A /* Assets.xcassets */; };
		44CC9D4F2B066BBB00B8350A /* LaunchScreen.storyboard in Resources */ = {isa = PBXBuildFile; fileRef = 44CC9D4D2B066BBB00B8350A /* LaunchScreen.storyboard */; };
		44CC9D5A2B066BBB00B8350A /* LocalizationTests.swift in Sources */ = {isa = PBXBuildFile; fileRef = 44CC9D592B066BBB00B8350A /* LocalizationTests.swift */; };
		44CC9D642B066BBB00B8350A /* LocalizationUITests.swift in Sources */ = {isa = PBXBuildFile; fileRef = 44CC9D632B066BBB00B8350A /* LocalizationUITests.swift */; };
		44CC9D662B066BBB00B8350A /* LocalizationUITestsLaunchTests.swift in Sources */ = {isa = PBXBuildFile; fileRef = 44CC9D652B066BBB00B8350A /* LocalizationUITestsLaunchTests.swift */; };
		44CC9D742B066C3600B8350A /* Localizable.strings in Resources */ = {isa = PBXBuildFile; fileRef = 44CC9D762B066C3600B8350A /* Localizable.strings */; };
/* End PBXBuildFile section */

/* Begin PBXContainerItemProxy section */
		44CC9D562B066BBB00B8350A /* PBXContainerItemProxy */ = {
			isa = PBXContainerItemProxy;
			containerPortal = 44CC9D342B066BBA00B8350A /* Project object */;
			proxyType = 1;
			remoteGlobalIDString = 44CC9D3B2B066BBA00B8350A;
			remoteInfo = Localization;
		};
		44CC9D602B066BBB00B8350A /* PBXContainerItemProxy */ = {
			isa = PBXContainerItemProxy;
			containerPortal = 44CC9D342B066BBA00B8350A /* Project object */;
			proxyType = 1;
			remoteGlobalIDString = 44CC9D3B2B066BBA00B8350A;
			remoteInfo = Localization;
		};
/* End PBXContainerItemProxy section */

/* Begin PBXFileReference section */
		44CC9D3C2B066BBA00B8350A /* Localization.app */ = {isa = PBXFileReference; explicitFileType = wrapper.application; includeInIndex = 0; path = Localization.app; sourceTree = BUILT_PRODUCTS_DIR; };
		44CC9D3F2B066BBA00B8350A /* AppDelegate.swift */ = {isa = PBXFileReference; lastKnownFileType = sourcecode.swift; path = AppDelegate.swift; sourceTree = "<group>"; };
		44CC9D412B066BBA00B8350A /* SceneDelegate.swift */ = {isa = PBXFileReference; lastKnownFileType = sourcecode.swift; path = SceneDelegate.swift; sourceTree = "<group>"; };
		44CC9D432B066BBA00B8350A /* ViewController.swift */ = {isa = PBXFileReference; lastKnownFileType = sourcecode.swift; path = ViewController.swift; sourceTree = "<group>"; };
		44CC9D462B066BBA00B8350A /* Base */ = {isa = PBXFileReference; lastKnownFileType = file.storyboard; name = Base; path = Base.lproj/Main.storyboard; sourceTree = "<group>"; };
		44CC9D492B066BBA00B8350A /* Localization.xcdatamodel */ = {isa = PBXFileReference; lastKnownFileType = wrapper.xcdatamodel; path = Localization.xcdatamodel; sourceTree = "<group>"; };
		44CC9D4B2B066BBB00B8350A /* Assets.xcassets */ = {isa = PBXFileReference; lastKnownFileType = folder.assetcatalog; path = Assets.xcassets; sourceTree = "<group>"; };
		44CC9D4E2B066BBB00B8350A /* Base */ = {isa = PBXFileReference; lastKnownFileType = file.storyboard; name = Base; path = Base.lproj/LaunchScreen.storyboard; sourceTree = "<group>"; };
		44CC9D502B066BBB00B8350A /* Info.plist */ = {isa = PBXFileReference; lastKnownFileType = text.plist.xml; path = Info.plist; sourceTree = "<group>"; };
		44CC9D552B066BBB00B8350A /* LocalizationTests.xctest */ = {isa = PBXFileReference; explicitFileType = wrapper.cfbundle; includeInIndex = 0; path = LocalizationTests.xctest; sourceTree = BUILT_PRODUCTS_DIR; };
		44CC9D592B066BBB00B8350A /* LocalizationTests.swift */ = {isa = PBXFileReference; lastKnownFileType = sourcecode.swift; path = LocalizationTests.swift; sourceTree = "<group>"; };
		44CC9D5F2B066BBB00B8350A /* LocalizationUITests.xctest */ = {isa = PBXFileReference; explicitFileType = wrapper.cfbundle; includeInIndex = 0; path = LocalizationUITests.xctest; sourceTree = BUILT_PRODUCTS_DIR; };
		44CC9D632B066BBB00B8350A /* LocalizationUITests.swift */ = {isa = PBXFileReference; lastKnownFileType = sourcecode.swift; path = LocalizationUITests.swift; sourceTree = "<group>"; };
		44CC9D652B066BBB00B8350A /* LocalizationUITestsLaunchTests.swift */ = {isa = PBXFileReference; lastKnownFileType = sourcecode.swift; path = LocalizationUITestsLaunchTests.swift; sourceTree = "<group>"; };
		44CC9D752B066C3600B8350A /* en */ = {isa = PBXFileReference; lastKnownFileType = text.plist.strings; name = en; path = en.lproj/Localizable.strings; sourceTree = "<group>"; };
		44CC9D782B066D1E00B8350A /* de */ = {isa = PBXFileReference; lastKnownFileType = text.plist.strings; name = de; path = de.lproj/Localizable.strings; sourceTree = "<group>"; };
/* End PBXFileReference section */

/* Begin PBXFrameworksBuildPhase section */
		44CC9D392B066BBA00B8350A /* Frameworks */ = {
			isa = PBXFrameworksBuildPhase;
			buildActionMask = 2147483647;
			files = (
			);
			runOnlyForDeploymentPostprocessing = 0;
		};
		44CC9D522B066BBB00B8350A /* Frameworks */ = {
			isa = PBXFrameworksBuildPhase;
			buildActionMask = 2147483647;
			files = (
			);
			runOnlyForDeploymentPostprocessing = 0;
		};
		44CC9D5C2B066BBB00B8350A /* Frameworks */ = {
			isa = PBXFrameworksBuildPhase;
			buildActionMask = 2147483647;
			files = (
			);
			runOnlyForDeploymentPostprocessing = 0;
		};
/* End PBXFrameworksBuildPhase section */

/* Begin PBXGroup section */
		44CC9D332B066BBA00B8350A = {
			isa = PBXGroup;
			children = (
				44CC9D3E2B066BBA00B8350A /* Localization */,
				44CC9D582B066BBB00B8350A /* LocalizationTests */,
				44CC9D622B066BBB00B8350A /* LocalizationUITests */,
				44CC9D3D2B066BBA00B8350A /* Products */,
			);
			sourceTree = "<group>";
		};
		44CC9D3D2B066BBA00B8350A /* Products */ = {
			isa = PBXGroup;
			children = (
				44CC9D3C2B066BBA00B8350A /* Localization.app */,
				44CC9D552B066BBB00B8350A /* LocalizationTests.xctest */,
				44CC9D5F2B066BBB00B8350A /* LocalizationUITests.xctest */,
			);
			name = Products;
			sourceTree = "<group>";
		};
		44CC9D3E2B066BBA00B8350A /* Localization */ = {
			isa = PBXGroup;
			children = (
				44CC9D3F2B066BBA00B8350A /* AppDelegate.swift */,
				44CC9D412B066BBA00B8350A /* SceneDelegate.swift */,
				44CC9D432B066BBA00B8350A /* ViewController.swift */,
				44CC9D452B066BBA00B8350A /* Main.storyboard */,
				44CC9D4B2B066BBB00B8350A /* Assets.xcassets */,
				44CC9D4D2B066BBB00B8350A /* LaunchScreen.storyboard */,
				44CC9D502B066BBB00B8350A /* Info.plist */,
				44CC9D482B066BBA00B8350A /* Localization.xcdatamodeld */,
				44CC9D762B066C3600B8350A /* Localizable.strings */,
			);
			path = Localization;
			sourceTree = "<group>";
		};
		44CC9D582B066BBB00B8350A /* LocalizationTests */ = {
			isa = PBXGroup;
			children = (
				44CC9D592B066BBB00B8350A /* LocalizationTests.swift */,
			);
			path = LocalizationTests;
			sourceTree = "<group>";
		};
		44CC9D622B066BBB00B8350A /* LocalizationUITests */ = {
			isa = PBXGroup;
			children = (
				44CC9D632B066BBB00B8350A /* LocalizationUITests.swift */,
				44CC9D652B066BBB00B8350A /* LocalizationUITestsLaunchTests.swift */,
			);
			path = LocalizationUITests;
			sourceTree = "<group>";
		};
/* End PBXGroup section */

/* Begin PBXNativeTarget section */
		44CC9D3B2B066BBA00B8350A /* Localization */ = {
			isa = PBXNativeTarget;
			buildConfigurationList = 44CC9D692B066BBB00B8350A /* Build configuration list for PBXNativeTarget "Localization" */;
			buildPhases = (
				44CC9D382B066BBA00B8350A /* Sources */,
				44CC9D392B066BBA00B8350A /* Frameworks */,
				44CC9D3A2B066BBA00B8350A /* Resources */,
			);
			buildRules = (
			);
			dependencies = (
			);
			name = Localization;
			productName = Localization;
			productReference = 44CC9D3C2B066BBA00B8350A /* Localization.app */;
			productType = "com.apple.product-type.application";
		};
		44CC9D542B066BBB00B8350A /* LocalizationTests */ = {
			isa = PBXNativeTarget;
			buildConfigurationList = 44CC9D6C2B066BBB00B8350A /* Build configuration list for PBXNativeTarget "LocalizationTests" */;
			buildPhases = (
				44CC9D512B066BBB00B8350A /* Sources */,
				44CC9D522B066BBB00B8350A /* Frameworks */,
				44CC9D532B066BBB00B8350A /* Resources */,
			);
			buildRules = (
			);
			dependencies = (
				44CC9D572B066BBB00B8350A /* PBXTargetDependency */,
			);
			name = LocalizationTests;
			productName = LocalizationTests;
			productReference = 44CC9D552B066BBB00B8350A /* LocalizationTests.xctest */;
			productType = "com.apple.product-type.bundle.unit-test";
		};
		44CC9D5E2B066BBB00B8350A /* LocalizationUITests */ = {
			isa = PBXNativeTarget;
			buildConfigurationList = 44CC9D6F2B066BBB00B8350A /* Build configuration list for PBXNativeTarget "LocalizationUITests" */;
			buildPhases = (
				44CC9D5B2B066BBB00B8350A /* Sources */,
				44CC9D5C2B066BBB00B8350A /* Frameworks */,
				44CC9D5D2B066BBB00B8350A /* Resources */,
			);
			buildRules = (
			);
			dependencies = (
				44CC9D612B066BBB00B8350A /* PBXTargetDependency */,
			);
			name = LocalizationUITests;
			productName = LocalizationUITests;
			productReference = 44CC9D5F2B066BBB00B8350A /* LocalizationUITests.xctest */;
			productType = "com.apple.product-type.bundle.ui-testing";
		};
/* End PBXNativeTarget section */

/* Begin PBXProject section */
		44CC9D342B066BBA00B8350A /* Project object */ = {
			isa = PBXProject;
			attributes = {
				BuildIndependentTargetsInParallel = 1;
				LastSwiftUpdateCheck = 1430;
				LastUpgradeCheck = 1430;
				TargetAttributes = {
					44CC9D3B2B066BBA00B8350A = {
						CreatedOnToolsVersion = 14.3.1;
					};
					44CC9D542B066BBB00B8350A = {
						CreatedOnToolsVersion = 14.3.1;
						TestTargetID = 44CC9D3B2B066BBA00B8350A;
					};
					44CC9D5E2B066BBB00B8350A = {
						CreatedOnToolsVersion = 14.3.1;
						TestTargetID = 44CC9D3B2B066BBA00B8350A;
					};
				};
			};
			buildConfigurationList = 44CC9D372B066BBA00B8350A /* Build configuration list for PBXProject "Localization" */;
			compatibilityVersion = "Xcode 14.0";
			developmentRegion = en;
			hasScannedForEncodings = 0;
			knownRegions = (
				en,
				Base,
				de,
			);
			mainGroup = 44CC9D332B066BBA00B8350A;
			productRefGroup = 44CC9D3D2B066BBA00B8350A /* Products */;
			projectDirPath = "";
			projectRoot = "";
			targets = (
				44CC9D3B2B066BBA00B8350A /* Localization */,
				44CC9D542B066BBB00B8350A /* LocalizationTests */,
				44CC9D5E2B066BBB00B8350A /* LocalizationUITests */,
			);
		};
/* End PBXProject section */

/* Begin PBXResourcesBuildPhase section */
		44CC9D3A2B066BBA00B8350A /* Resources */ = {
			isa = PBXResourcesBuildPhase;
			buildActionMask = 2147483647;
			files = (
				44CC9D4F2B066BBB00B8350A /* LaunchScreen.storyboard in Resources */,
				44CC9D742B066C3600B8350A /* Localizable.strings in Resources */,
				44CC9D4C2B066BBB00B8350A /* Assets.xcassets in Resources */,
				44CC9D472B066BBA00B8350A /* Main.storyboard in Resources */,
			);
			runOnlyForDeploymentPostprocessing = 0;
		};
		44CC9D532B066BBB00B8350A /* Resources */ = {
			isa = PBXResourcesBuildPhase;
			buildActionMask = 2147483647;
			files = (
			);
			runOnlyForDeploymentPostprocessing = 0;
		};
		44CC9D5D2B066BBB00B8350A /* Resources */ = {
			isa = PBXResourcesBuildPhase;
			buildActionMask = 2147483647;
			files = (
			);
			runOnlyForDeploymentPostprocessing = 0;
		};
/* End PBXResourcesBuildPhase section */

/* Begin PBXSourcesBuildPhase section */
		44CC9D382B066BBA00B8350A /* Sources */ = {
			isa = PBXSourcesBuildPhase;
			buildActionMask = 2147483647;
			files = (
				44CC9D442B066BBA00B8350A /* ViewController.swift in Sources */,
				44CC9D402B066BBA00B8350A /* AppDelegate.swift in Sources */,
				44CC9D4A2B066BBA00B8350A /* Localization.xcdatamodeld in Sources */,
				44CC9D422B066BBA00B8350A /* SceneDelegate.swift in Sources */,
			);
			runOnlyForDeploymentPostprocessing = 0;
		};
		44CC9D512B066BBB00B8350A /* Sources */ = {
			isa = PBXSourcesBuildPhase;
			buildActionMask = 2147483647;
			files = (
				44CC9D5A2B066BBB00B8350A /* LocalizationTests.swift in Sources */,
			);
			runOnlyForDeploymentPostprocessing = 0;
		};
		44CC9D5B2B066BBB00B8350A /* Sources */ = {
			isa = PBXSourcesBuildPhase;
			buildActionMask = 2147483647;
			files = (
				44CC9D642B066BBB00B8350A /* LocalizationUITests.swift in Sources */,
				44CC9D662B066BBB00B8350A /* LocalizationUITestsLaunchTests.swift in Sources */,
			);
			runOnlyForDeploymentPostprocessing = 0;
		};
/* End PBXSourcesBuildPhase section */

/* Begin PBXTargetDependency section */
		44CC9D572B066BBB00B8350A /* PBXTargetDependency */ = {
			isa = PBXTargetDependency;
			target = 44CC9D3B2B066BBA00B8350A /* Localization */;
			targetProxy = 44CC9D562B066BBB00B8350A /* PBXContainerItemProxy */;
		};
		44CC9D612B066BBB00B8350A /* PBXTargetDependency */ = {
			isa = PBXTargetDependency;
			target = 44CC9D3B2B066BBA00B8350A /* Localization */;
			targetProxy = 44CC9D602B066BBB00B8350A /* PBXContainerItemProxy */;
		};
/* End PBXTargetDependency section */

/* Begin PBXVariantGroup section */
		44CC9D452B066BBA00B8350A /* Main.storyboard */ = {
			isa = PBXVariantGroup;
			children = (
				44CC9D462B066BBA00B8350A /* Base */,
			);
			name = Main.storyboard;
			sourceTree = "<group>";
		};
		44CC9D4D2B066BBB00B8350A /* LaunchScreen.storyboard */ = {
			isa = PBXVariantGroup;
			children = (
				44CC9D4E2B066BBB00B8350A /* Base */,
			);
			name = LaunchScreen.storyboard;
			sourceTree = "<group>";
		};
		44CC9D762B066C3600B8350A /* Localizable.strings */ = {
			isa = PBXVariantGroup;
			children = (
				44CC9D752B066C3600B8350A /* en */,
				44CC9D782B066D1E00B8350A /* de */,
			);
			name = Localizable.strings;
			sourceTree = "<group>";
		};
/* End PBXVariantGroup section */

/* Begin XCBuildConfiguration section */
		44CC9D672B066BBB00B8350A /* Debug */ = {
			isa = XCBuildConfiguration;
			buildSettings = {
				ALWAYS_SEARCH_USER_PATHS = NO;
				CLANG_ANALYZER_LOCALIZABILITY_NONLOCALIZED = YES;
				CLANG_ANALYZER_NONNULL = YES;
				CLANG_ANALYZER_NUMBER_OBJECT_CONVERSION = YES_AGGRESSIVE;
				CLANG_CXX_LANGUAGE_STANDARD = "gnu++20";
				CLANG_ENABLE_MODULES = YES;
				CLANG_ENABLE_OBJC_ARC = YES;
				CLANG_ENABLE_OBJC_WEAK = YES;
				CLANG_WARN_BLOCK_CAPTURE_AUTORELEASING = YES;
				CLANG_WARN_BOOL_CONVERSION = YES;
				CLANG_WARN_COMMA = YES;
				CLANG_WARN_CONSTANT_CONVERSION = YES;
				CLANG_WARN_DEPRECATED_OBJC_IMPLEMENTATIONS = YES;
				CLANG_WARN_DIRECT_OBJC_ISA_USAGE = YES_ERROR;
				CLANG_WARN_DOCUMENTATION_COMMENTS = YES;
				CLANG_WARN_EMPTY_BODY = YES;
				CLANG_WARN_ENUM_CONVERSION = YES;
				CLANG_WARN_INFINITE_RECURSION = YES;
				CLANG_WARN_INT_CONVERSION = YES;
				CLANG_WARN_NON_LITERAL_NULL_CONVERSION = YES;
				CLANG_WARN_OBJC_IMPLICIT_RETAIN_SELF = YES;
				CLANG_WARN_OBJC_LITERAL_CONVERSION = YES;
				CLANG_WARN_OBJC_ROOT_CLASS = YES_ERROR;
				CLANG_WARN_QUOTED_INCLUDE_IN_FRAMEWORK_HEADER = YES;
				CLANG_WARN_RANGE_LOOP_ANALYSIS = YES;
				CLANG_WARN_STRICT_PROTOTYPES = YES;
				CLANG_WARN_SUSPICIOUS_MOVE = YES;
				CLANG_WARN_UNGUARDED_AVAILABILITY = YES_AGGRESSIVE;
				CLANG_WARN_UNREACHABLE_CODE = YES;
				CLANG_WARN__DUPLICATE_METHOD_MATCH = YES;
				COPY_PHASE_STRIP = NO;
				DEBUG_INFORMATION_FORMAT = dwarf;
				ENABLE_STRICT_OBJC_MSGSEND = YES;
				ENABLE_TESTABILITY = YES;
				GCC_C_LANGUAGE_STANDARD = gnu11;
				GCC_DYNAMIC_NO_PIC = NO;
				GCC_NO_COMMON_BLOCKS = YES;
				GCC_OPTIMIZATION_LEVEL = 0;
				GCC_PREPROCESSOR_DEFINITIONS = (
					"DEBUG=1",
					"$(inherited)",
				);
				GCC_WARN_64_TO_32_BIT_CONVERSION = YES;
				GCC_WARN_ABOUT_RETURN_TYPE = YES_ERROR;
				GCC_WARN_UNDECLARED_SELECTOR = YES;
				GCC_WARN_UNINITIALIZED_AUTOS = YES_AGGRESSIVE;
				GCC_WARN_UNUSED_FUNCTION = YES;
				GCC_WARN_UNUSED_VARIABLE = YES;
				IPHONEOS_DEPLOYMENT_TARGET = 16.4;
				MTL_ENABLE_DEBUG_INFO = INCLUDE_SOURCE;
				MTL_FAST_MATH = YES;
				ONLY_ACTIVE_ARCH = YES;
				SDKROOT = iphoneos;
				SWIFT_ACTIVE_COMPILATION_CONDITIONS = DEBUG;
				SWIFT_OPTIMIZATION_LEVEL = "-Onone";
			};
			name = Debug;
		};
		44CC9D682B066BBB00B8350A /* Release */ = {
			isa = XCBuildConfiguration;
			buildSettings = {
				ALWAYS_SEARCH_USER_PATHS = NO;
				CLANG_ANALYZER_LOCALIZABILITY_NONLOCALIZED = YES;
				CLANG_ANALYZER_NONNULL = YES;
				CLANG_ANALYZER_NUMBER_OBJECT_CONVERSION = YES_AGGRESSIVE;
				CLANG_CXX_LANGUAGE_STANDARD = "gnu++20";
				CLANG_ENABLE_MODULES = YES;
				CLANG_ENABLE_OBJC_ARC = YES;
				CLANG_ENABLE_OBJC_WEAK = YES;
				CLANG_WARN_BLOCK_CAPTURE_AUTORELEASING = YES;
				CLANG_WARN_BOOL_CONVERSION = YES;
				CLANG_WARN_COMMA = YES;
				CLANG_WARN_CONSTANT_CONVERSION = YES;
				CLANG_WARN_DEPRECATED_OBJC_IMPLEMENTATIONS = YES;
				CLANG_WARN_DIRECT_OBJC_ISA_USAGE = YES_ERROR;
				CLANG_WARN_DOCUMENTATION_COMMENTS = YES;
				CLANG_WARN_EMPTY_BODY = YES;
				CLANG_WARN_ENUM_CONVERSION = YES;
				CLANG_WARN_INFINITE_RECURSION = YES;
				CLANG_WARN_INT_CONVERSION = YES;
				CLANG_WARN_NON_LITERAL_NULL_CONVERSION = YES;
				CLANG_WARN_OBJC_IMPLICIT_RETAIN_SELF = YES;
				CLANG_WARN_OBJC_LITERAL_CONVERSION = YES;
				CLANG_WARN_OBJC_ROOT_CLASS = YES_ERROR;
				CLANG_WARN_QUOTED_INCLUDE_IN_FRAMEWORK_HEADER = YES;
				CLANG_WARN_RANGE_LOOP_ANALYSIS = YES;
				CLANG_WARN_STRICT_PROTOTYPES = YES;
				CLANG_WARN_SUSPICIOUS_MOVE = YES;
				CLANG_WARN_UNGUARDED_AVAILABILITY = YES_AGGRESSIVE;
				CLANG_WARN_UNREACHABLE_CODE = YES;
				CLANG_WARN__DUPLICATE_METHOD_MATCH = YES;
				COPY_PHASE_STRIP = NO;
				DEBUG_INFORMATION_FORMAT = "dwarf-with-dsym";
				ENABLE_NS_ASSERTIONS = NO;
				ENABLE_STRICT_OBJC_MSGSEND = YES;
				GCC_C_LANGUAGE_STANDARD = gnu11;
				GCC_NO_COMMON_BLOCKS = YES;
				GCC_WARN_64_TO_32_BIT_CONVERSION = YES;
				GCC_WARN_ABOUT_RETURN_TYPE = YES_ERROR;
				GCC_WARN_UNDECLARED_SELECTOR = YES;
				GCC_WARN_UNINITIALIZED_AUTOS = YES_AGGRESSIVE;
				GCC_WARN_UNUSED_FUNCTION = YES;
				GCC_WARN_UNUSED_VARIABLE = YES;
				IPHONEOS_DEPLOYMENT_TARGET = 16.4;
				MTL_ENABLE_DEBUG_INFO = NO;
				MTL_FAST_MATH = YES;
				SDKROOT = iphoneos;
				SWIFT_COMPILATION_MODE = wholemodule;
				SWIFT_OPTIMIZATION_LEVEL = "-O";
				VALIDATE_PRODUCT = YES;
			};
			name = Release;
		};
		44CC9D6A2B066BBB00B8350A /* Debug */ = {
			isa = XCBuildConfiguration;
			buildSettings = {
				ASSETCATALOG_COMPILER_APPICON_NAME = AppIcon;
				ASSETCATALOG_COMPILER_GLOBAL_ACCENT_COLOR_NAME = AccentColor;
				CODE_SIGN_STYLE = Automatic;
				CURRENT_PROJECT_VERSION = 1;
				DEVELOPMENT_TEAM = B5FSK72296;
				GENERATE_INFOPLIST_FILE = YES;
				INFOPLIST_FILE = Localization/Info.plist;
				INFOPLIST_KEY_UIApplicationSupportsIndirectInputEvents = YES;
				INFOPLIST_KEY_UILaunchStoryboardName = LaunchScreen;
				INFOPLIST_KEY_UIMainStoryboardFile = Main;
				INFOPLIST_KEY_UISupportedInterfaceOrientations_iPad = "UIInterfaceOrientationPortrait UIInterfaceOrientationPortraitUpsideDown UIInterfaceOrientationLandscapeLeft UIInterfaceOrientationLandscapeRight";
				INFOPLIST_KEY_UISupportedInterfaceOrientations_iPhone = "UIInterfaceOrientationPortrait UIInterfaceOrientationLandscapeLeft UIInterfaceOrientationLandscapeRight";
				LD_RUNPATH_SEARCH_PATHS = (
					"$(inherited)",
					"@executable_path/Frameworks",
				);
				MARKETING_VERSION = 1.0;
				PRODUCT_BUNDLE_IDENTIFIER = com.ios.App.Localization;
				PRODUCT_NAME = "$(TARGET_NAME)";
				SWIFT_EMIT_LOC_STRINGS = YES;
				SWIFT_VERSION = 5.0;
				TARGETED_DEVICE_FAMILY = "1,2";
			};
			name = Debug;
		};
		44CC9D6B2B066BBB00B8350A /* Release */ = {
			isa = XCBuildConfiguration;
			buildSettings = {
				ASSETCATALOG_COMPILER_APPICON_NAME = AppIcon;
				ASSETCATALOG_COMPILER_GLOBAL_ACCENT_COLOR_NAME = AccentColor;
				CODE_SIGN_STYLE = Automatic;
				CURRENT_PROJECT_VERSION = 1;
				DEVELOPMENT_TEAM = B5FSK72296;
				GENERATE_INFOPLIST_FILE = YES;
				INFOPLIST_FILE = Localization/Info.plist;
				INFOPLIST_KEY_UIApplicationSupportsIndirectInputEvents = YES;
				INFOPLIST_KEY_UILaunchStoryboardName = LaunchScreen;
				INFOPLIST_KEY_UIMainStoryboardFile = Main;
				INFOPLIST_KEY_UISupportedInterfaceOrientations_iPad = "UIInterfaceOrientationPortrait UIInterfaceOrientationPortraitUpsideDown UIInterfaceOrientationLandscapeLeft UIInterfaceOrientationLandscapeRight";
				INFOPLIST_KEY_UISupportedInterfaceOrientations_iPhone = "UIInterfaceOrientationPortrait UIInterfaceOrientationLandscapeLeft UIInterfaceOrientationLandscapeRight";
				LD_RUNPATH_SEARCH_PATHS = (
					"$(inherited)",
					"@executable_path/Frameworks",
				);
				MARKETING_VERSION = 1.0;
				PRODUCT_BUNDLE_IDENTIFIER = com.ios.App.Localization;
				PRODUCT_NAME = "$(TARGET_NAME)";
				SWIFT_EMIT_LOC_STRINGS = YES;
				SWIFT_VERSION = 5.0;
				TARGETED_DEVICE_FAMILY = "1,2";
			};
			name = Release;
		};
		44CC9D6D2B066BBB00B8350A /* Debug */ = {
			isa = XCBuildConfiguration;
			buildSettings = {
				ALWAYS_EMBED_SWIFT_STANDARD_LIBRARIES = YES;
				BUNDLE_LOADER = "$(TEST_HOST)";
				CODE_SIGN_STYLE = Automatic;
				CURRENT_PROJECT_VERSION = 1;
				DEVELOPMENT_TEAM = B5FSK72296;
				GENERATE_INFOPLIST_FILE = YES;
				IPHONEOS_DEPLOYMENT_TARGET = 16.4;
				MARKETING_VERSION = 1.0;
				PRODUCT_BUNDLE_IDENTIFIER = com.ios.App.LocalizationTests;
				PRODUCT_NAME = "$(TARGET_NAME)";
				SWIFT_EMIT_LOC_STRINGS = NO;
				SWIFT_VERSION = 5.0;
				TARGETED_DEVICE_FAMILY = "1,2";
				TEST_HOST = "$(BUILT_PRODUCTS_DIR)/Localization.app/$(BUNDLE_EXECUTABLE_FOLDER_PATH)/Localization";
			};
			name = Debug;
		};
		44CC9D6E2B066BBB00B8350A /* Release */ = {
			isa = XCBuildConfiguration;
			buildSettings = {
				ALWAYS_EMBED_SWIFT_STANDARD_LIBRARIES = YES;
				BUNDLE_LOADER = "$(TEST_HOST)";
				CODE_SIGN_STYLE = Automatic;
				CURRENT_PROJECT_VERSION = 1;
				DEVELOPMENT_TEAM = B5FSK72296;
				GENERATE_INFOPLIST_FILE = YES;
				IPHONEOS_DEPLOYMENT_TARGET = 16.4;
				MARKETING_VERSION = 1.0;
				PRODUCT_BUNDLE_IDENTIFIER = com.ios.App.LocalizationTests;
				PRODUCT_NAME = "$(TARGET_NAME)";
				SWIFT_EMIT_LOC_STRINGS = NO;
				SWIFT_VERSION = 5.0;
				TARGETED_DEVICE_FAMILY = "1,2";
				TEST_HOST = "$(BUILT_PRODUCTS_DIR)/Localization.app/$(BUNDLE_EXECUTABLE_FOLDER_PATH)/Localization";
			};
			name = Release;
		};
		44CC9D702B066BBB00B8350A /* Debug */ = {
			isa = XCBuildConfiguration;
			buildSettings = {
				ALWAYS_EMBED_SWIFT_STANDARD_LIBRARIES = YES;
				CODE_SIGN_STYLE = Automatic;
				CURRENT_PROJECT_VERSION = 1;
				DEVELOPMENT_TEAM = B5FSK72296;
				GENERATE_INFOPLIST_FILE = YES;
				MARKETING_VERSION = 1.0;
				PRODUCT_BUNDLE_IDENTIFIER = com.ios.App.LocalizationUITests;
				PRODUCT_NAME = "$(TARGET_NAME)";
				SWIFT_EMIT_LOC_STRINGS = NO;
				SWIFT_VERSION = 5.0;
				TARGETED_DEVICE_FAMILY = "1,2";
				TEST_TARGET_NAME = Localization;
			};
			name = Debug;
		};
		44CC9D712B066BBB00B8350A /* Release */ = {
			isa = XCBuildConfiguration;
			buildSettings = {
				ALWAYS_EMBED_SWIFT_STANDARD_LIBRARIES = YES;
				CODE_SIGN_STYLE = Automatic;
				CURRENT_PROJECT_VERSION = 1;
				DEVELOPMENT_TEAM = B5FSK72296;
				GENERATE_INFOPLIST_FILE = YES;
				MARKETING_VERSION = 1.0;
				PRODUCT_BUNDLE_IDENTIFIER = com.ios.App.LocalizationUITests;
				PRODUCT_NAME = "$(TARGET_NAME)";
				SWIFT_EMIT_LOC_STRINGS = NO;
				SWIFT_VERSION = 5.0;
				TARGETED_DEVICE_FAMILY = "1,2";
				TEST_TARGET_NAME = Localization;
			};
			name = Release;
		};
/* End XCBuildConfiguration section */

/* Begin XCConfigurationList section */
		44CC9D372B066BBA00B8350A /* Build configuration list for PBXProject "Localization" */ = {
			isa = XCConfigurationList;
			buildConfigurations = (
				44CC9D672B066BBB00B8350A /* Debug */,
				44CC9D682B066BBB00B8350A /* Release */,
			);
			defaultConfigurationIsVisible = 0;
			defaultConfigurationName = Release;
		};
		44CC9D692B066BBB00B8350A /* Build configuration list for PBXNativeTarget "Localization" */ = {
			isa = XCConfigurationList;
			buildConfigurations = (
				44CC9D6A2B066BBB00B8350A /* Debug */,
				44CC9D6B2B066BBB00B8350A /* Release */,
			);
			defaultConfigurationIsVisible = 0;
			defaultConfigurationName = Release;
		};
		44CC9D6C2B066BBB00B8350A /* Build configuration list for PBXNativeTarget "LocalizationTests" */ = {
			isa = XCConfigurationList;
			buildConfigurations = (
				44CC9D6D2B066BBB00B8350A /* Debug */,
				44CC9D6E2B066BBB00B8350A /* Release */,
			);
			defaultConfigurationIsVisible = 0;
			defaultConfigurationName = Release;
		};
		44CC9D6F2B066BBB00B8350A /* Build configuration list for PBXNativeTarget "LocalizationUITests" */ = {
			isa = XCConfigurationList;
			buildConfigurations = (
				44CC9D702B066BBB00B8350A /* Debug */,
				44CC9D712B066BBB00B8350A /* Release */,
			);
			defaultConfigurationIsVisible = 0;
			defaultConfigurationName = Release;
		};
/* End XCConfigurationList section */

/* Begin XCVersionGroup section */
		44CC9D482B066BBA00B8350A /* Localization.xcdatamodeld */ = {
			isa = XCVersionGroup;
			children = (
				44CC9D492B066BBA00B8350A /* Localization.xcdatamodel */,
			);
			currentVersion = 44CC9D492B066BBA00B8350A /* Localization.xcdatamodel */;
			path = Localization.xcdatamodeld;
			sourceTree = "<group>";
			versionGroupType = wrapper.xcdatamodel;
		};
/* End XCVersionGroup section */
	};
	rootObject = 44CC9D342B066BBA00B8350A /* Project object */;
}
